
Microsoft Visual Studio Solution File, Format Version 12.00
# Visual Studio Version 17
VisualStudioVersion = 17.5.002.0
MinimumVisualStudioVersion = 10.0.40219.1
Project("{9A19103F-16F7-4668-BE54-9A1E7A4F7556}") = "ClassDrawShape", "ClassDrawShape.csproj", "{E437AADD-F303-4550-8197-B1085FA64CB7}"
EndProject
Global
	GlobalSection(SolutionConfigurationPlatforms) = preSolution
		Debug|Any CPU = Debug|Any CPU
		Release|Any CPU = Release|Any CPU
	EndGlobalSection
	GlobalSection(ProjectConfigurationPlatforms) = postSolution
		{E437AADD-F303-4550-8197-B1085FA64CB7}.Debug|Any CPU.ActiveCfg = Debug|Any CPU
		{E437AADD-F303-4550-8197-B1085FA64CB7}.Debug|Any CPU.Build.0 = Debug|Any CPU
		{E437AADD-F303-4550-8197-B1085FA64CB7}.Release|Any CPU.ActiveCfg = Release|Any CPU
		{E437AADD-F303-4550-8197-B1085FA64CB7}.Release|Any CPU.Build.0 = Release|Any CPU
	EndGlobalSection
	GlobalSection(SolutionProperties) = preSolution
		HideSolutionNode = FALSE
	EndGlobalSection
	GlobalSection(ExtensibilityGlobals) = postSolution
		SolutionGuid = {24B752DD-90F3-4517-BD01-A948AF8A7688}
	EndGlobalSection
EndGlobal
